
Microsoft Visual Studio Solution File, Format Version 12.00
# Visual Studio 2012
Project("{FAE04EC0-301F-11D3-BF4B-00C04F79EFBC}") = "PracSet2", "PracSet2\PracSet2.csproj", "{B543184A-1BBF-4FE3-9D08-21C1D1E37636}"
EndProject
Global
	GlobalSection(SolutionConfigurationPlatforms) = preSolution
		Debug|Any CPU = Debug|Any CPU
		Release|Any CPU = Release|Any CPU
	EndGlobalSection
	GlobalSection(ProjectConfigurationPlatforms) = postSolution
		{B543184A-1BBF-4FE3-9D08-21C1D1E37636}.Debug|Any CPU.ActiveCfg = Debug|Any CPU
		{B543184A-1BBF-4FE3-9D08-21C1D1E37636}.Debug|Any CPU.Build.0 = Debug|Any CPU
		{B543184A-1BBF-4FE3-9D08-21C1D1E37636}.Release|Any CPU.ActiveCfg = Release|Any CPU
		{B543184A-1BBF-4FE3-9D08-21C1D1E37636}.Release|Any CPU.Build.0 = Release|Any CPU
	EndGlobalSection
EndGlobal
